
Microsoft Visual Studio Solution File, Format Version 12.00
# Visual Studio Version 17
VisualStudioVersion = 17.0.31912.275
MinimumVisualStudioVersion = 10.0.40219.1
Project("{9A19103F-16F7-4668-BE54-9A1E7A4F7556}") = "SaleFunnelAPI", "SaleFunnelAPI\SaleFunnelAPI.csproj", "{5513CBA7-4D17-4B66-AB2D-04E3F9ED21AA}"
EndProject
Project("{9A19103F-16F7-4668-BE54-9A1E7A4F7556}") = "ProjectDeliveryAPI", "ProjectDeliveryAPI\ProjectDeliveryAPI.csproj", "{68A1A6D0-522F-4F26-90B6-075175B02FAC}"
EndProject
Project("{9A19103F-16F7-4668-BE54-9A1E7A4F7556}") = "POPAPIGateway", "POPAPIGateway\POPAPIGateway.csproj", "{E5B00D37-8B65-451A-B0B0-5D152A16A828}"
EndProject
Global
	GlobalSection(SolutionConfigurationPlatforms) = preSolution
		Debug|Any CPU = Debug|Any CPU
		Release|Any CPU = Release|Any CPU
	EndGlobalSection
	GlobalSection(ProjectConfigurationPlatforms) = postSolution
		{5513CBA7-4D17-4B66-AB2D-04E3F9ED21AA}.Debug|Any CPU.ActiveCfg = Debug|Any CPU
		{5513CBA7-4D17-4B66-AB2D-04E3F9ED21AA}.Debug|Any CPU.Build.0 = Debug|Any CPU
		{5513CBA7-4D17-4B66-AB2D-04E3F9ED21AA}.Release|Any CPU.ActiveCfg = Release|Any CPU
		{5513CBA7-4D17-4B66-AB2D-04E3F9ED21AA}.Release|Any CPU.Build.0 = Release|Any CPU
		{68A1A6D0-522F-4F26-90B6-075175B02FAC}.Debug|Any CPU.ActiveCfg = Debug|Any CPU
		{68A1A6D0-522F-4F26-90B6-075175B02FAC}.Debug|Any CPU.Build.0 = Debug|Any CPU
		{68A1A6D0-522F-4F26-90B6-075175B02FAC}.Release|Any CPU.ActiveCfg = Release|Any CPU
		{68A1A6D0-522F-4F26-90B6-075175B02FAC}.Release|Any CPU.Build.0 = Release|Any CPU
		{E5B00D37-8B65-451A-B0B0-5D152A16A828}.Debug|Any CPU.ActiveCfg = Debug|Any CPU
		{E5B00D37-8B65-451A-B0B0-5D152A16A828}.Debug|Any CPU.Build.0 = Debug|Any CPU
		{E5B00D37-8B65-451A-B0B0-5D152A16A828}.Release|Any CPU.ActiveCfg = Release|Any CPU
		{E5B00D37-8B65-451A-B0B0-5D152A16A828}.Release|Any CPU.Build.0 = Release|Any CPU
	EndGlobalSection
	GlobalSection(SolutionProperties) = preSolution
		HideSolutionNode = FALSE
	EndGlobalSection
	GlobalSection(ExtensibilityGlobals) = postSolution
		SolutionGuid = {8CFA38D2-3E29-4D1D-AB66-CFA97CAA0360}
	EndGlobalSection
EndGlobal
